// !$*UTF8*$!
{
	archiveVersion = 1;
	classes = {
	};
	objectVersion = 50;
	objects = {

/* Begin PBXBuildFile section */
		D794BF0F2215A9FD008B56AB /* LateResponders.framework in Frameworks */ = {isa = PBXBuildFile; fileRef = D794BF052215A9FD008B56AB /* LateResponders.framework */; };
		D794BF162215A9FD008B56AB /* LateResponders.h in Headers */ = {isa = PBXBuildFile; fileRef = D794BF082215A9FD008B56AB /* LateResponders.h */; settings = {ATTRIBUTES = (Public, ); }; };
		D794BF232215AAFA008B56AB /* OCLateResponderRegistry.h in Headers */ = {isa = PBXBuildFile; fileRef = D794BF212215AAFA008B56AB /* OCLateResponderRegistry.h */; settings = {ATTRIBUTES = (Public, ); }; };
		D794BF242215AAFA008B56AB /* OCLateResponderRegistry.m in Sources */ = {isa = PBXBuildFile; fileRef = D794BF222215AAFA008B56AB /* OCLateResponderRegistry.m */; };
		D794BF282215AC90008B56AB /* OCLateResponder.h in Headers */ = {isa = PBXBuildFile; fileRef = D794BF262215AC90008B56AB /* OCLateResponder.h */; settings = {ATTRIBUTES = (Public, ); }; };
		D794BF292215AC90008B56AB /* OCLateResponder.m in Sources */ = {isa = PBXBuildFile; fileRef = D794BF272215AC90008B56AB /* OCLateResponder.m */; };
		D794BF2C2215ACC8008B56AB /* OCLateResponderProxy.h in Headers */ = {isa = PBXBuildFile; fileRef = D794BF2A2215ACC8008B56AB /* OCLateResponderProxy.h */; settings = {ATTRIBUTES = (Public, ); }; };
		D794BF2D2215ACC8008B56AB /* OCLateResponderProxy.m in Sources */ = {isa = PBXBuildFile; fileRef = D794BF2B2215ACC8008B56AB /* OCLateResponderProxy.m */; };
		D794BF2F2215ADFF008B56AB /* Macros.h in Headers */ = {isa = PBXBuildFile; fileRef = D794BF2E2215AD23008B56AB /* Macros.h */; settings = {ATTRIBUTES = (Public, ); }; };
		D794BF312215AE53008B56AB /* InterfaceKit.h in Headers */ = {isa = PBXBuildFile; fileRef = D794BF302215AE53008B56AB /* InterfaceKit.h */; settings = {ATTRIBUTES = (Public, ); }; };
		D794BF3A2215B0EC008B56AB /* OCResponder.h in Headers */ = {isa = PBXBuildFile; fileRef = D794BF382215B0EC008B56AB /* OCResponder.h */; settings = {ATTRIBUTES = (Public, ); }; };
		D794BF3B2215B0EC008B56AB /* OCResponder.m in Sources */ = {isa = PBXBuildFile; fileRef = D794BF392215B0EC008B56AB /* OCResponder.m */; };
		D794BF3E2215B412008B56AB /* LateResponderRegistryTests.swift in Sources */ = {isa = PBXBuildFile; fileRef = D794BF3D2215B412008B56AB /* LateResponderRegistryTests.swift */; };
		D794BF402215CCF6008B56AB /* LateResponderTests.swift in Sources */ = {isa = PBXBuildFile; fileRef = D794BF3F2215CCF6008B56AB /* LateResponderTests.swift */; };
		D794BF422215CE1C008B56AB /* LateResponderProxyTests.swift in Sources */ = {isa = PBXBuildFile; fileRef = D794BF412215CE1C008B56AB /* LateResponderProxyTests.swift */; };
/* End PBXBuildFile section */

/* Begin PBXContainerItemProxy section */
		D794BF102215A9FD008B56AB /* PBXContainerItemProxy */ = {
			isa = PBXContainerItemProxy;
			containerPortal = D794BEFC2215A9FD008B56AB /* Project object */;
			proxyType = 1;
			remoteGlobalIDString = D794BF042215A9FD008B56AB;
			remoteInfo = LateResponders;
		};
/* End PBXContainerItemProxy section */

/* Begin PBXFileReference section */
		D794BF052215A9FD008B56AB /* LateResponders.framework */ = {isa = PBXFileReference; explicitFileType = wrapper.framework; includeInIndex = 0; path = LateResponders.framework; sourceTree = BUILT_PRODUCTS_DIR; };
		D794BF082215A9FD008B56AB /* LateResponders.h */ = {isa = PBXFileReference; lastKnownFileType = sourcecode.c.h; path = LateResponders.h; sourceTree = "<group>"; };
		D794BF092215A9FD008B56AB /* Info.plist */ = {isa = PBXFileReference; lastKnownFileType = text.plist.xml; path = Info.plist; sourceTree = "<group>"; };
		D794BF0E2215A9FD008B56AB /* LateRespondersTests.xctest */ = {isa = PBXFileReference; explicitFileType = wrapper.cfbundle; includeInIndex = 0; path = LateRespondersTests.xctest; sourceTree = BUILT_PRODUCTS_DIR; };
		D794BF152215A9FD008B56AB /* Info.plist */ = {isa = PBXFileReference; lastKnownFileType = text.plist.xml; path = Info.plist; sourceTree = "<group>"; };
		D794BF202215AA6F008B56AB /* project.xcconfig */ = {isa = PBXFileReference; lastKnownFileType = text.xcconfig; path = project.xcconfig; sourceTree = "<group>"; };
		D794BF212215AAFA008B56AB /* OCLateResponderRegistry.h */ = {isa = PBXFileReference; lastKnownFileType = sourcecode.c.h; path = OCLateResponderRegistry.h; sourceTree = "<group>"; };
		D794BF222215AAFA008B56AB /* OCLateResponderRegistry.m */ = {isa = PBXFileReference; lastKnownFileType = sourcecode.c.objc; path = OCLateResponderRegistry.m; sourceTree = "<group>"; };
		D794BF262215AC90008B56AB /* OCLateResponder.h */ = {isa = PBXFileReference; lastKnownFileType = sourcecode.c.h; path = OCLateResponder.h; sourceTree = "<group>"; };
		D794BF272215AC90008B56AB /* OCLateResponder.m */ = {isa = PBXFileReference; lastKnownFileType = sourcecode.c.objc; path = OCLateResponder.m; sourceTree = "<group>"; };
		D794BF2A2215ACC8008B56AB /* OCLateResponderProxy.h */ = {isa = PBXFileReference; lastKnownFileType = sourcecode.c.h; path = OCLateResponderProxy.h; sourceTree = "<group>"; };
		D794BF2B2215ACC8008B56AB /* OCLateResponderProxy.m */ = {isa = PBXFileReference; lastKnownFileType = sourcecode.c.objc; path = OCLateResponderProxy.m; sourceTree = "<group>"; };
		D794BF2E2215AD23008B56AB /* Macros.h */ = {isa = PBXFileReference; lastKnownFileType = sourcecode.c.h; path = Macros.h; sourceTree = "<group>"; };
		D794BF302215AE53008B56AB /* InterfaceKit.h */ = {isa = PBXFileReference; lastKnownFileType = sourcecode.c.h; path = InterfaceKit.h; sourceTree = "<group>"; };
		D794BF382215B0EC008B56AB /* OCResponder.h */ = {isa = PBXFileReference; lastKnownFileType = sourcecode.c.h; path = OCResponder.h; sourceTree = "<group>"; };
		D794BF392215B0EC008B56AB /* OCResponder.m */ = {isa = PBXFileReference; lastKnownFileType = sourcecode.c.objc; path = OCResponder.m; sourceTree = "<group>"; };
		D794BF3D2215B412008B56AB /* LateResponderRegistryTests.swift */ = {isa = PBXFileReference; lastKnownFileType = sourcecode.swift; path = LateResponderRegistryTests.swift; sourceTree = "<group>"; };
		D794BF3F2215CCF6008B56AB /* LateResponderTests.swift */ = {isa = PBXFileReference; lastKnownFileType = sourcecode.swift; path = LateResponderTests.swift; sourceTree = "<group>"; };
		D794BF412215CE1C008B56AB /* LateResponderProxyTests.swift */ = {isa = PBXFileReference; lastKnownFileType = sourcecode.swift; path = LateResponderProxyTests.swift; sourceTree = "<group>"; };
/* End PBXFileReference section */

/* Begin PBXFrameworksBuildPhase section */
		D794BF022215A9FD008B56AB /* Frameworks */ = {
			isa = PBXFrameworksBuildPhase;
			buildActionMask = 2147483647;
			files = (
			);
			runOnlyForDeploymentPostprocessing = 0;
		};
		D794BF0B2215A9FD008B56AB /* Frameworks */ = {
			isa = PBXFrameworksBuildPhase;
			buildActionMask = 2147483647;
			files = (
				D794BF0F2215A9FD008B56AB /* LateResponders.framework in Frameworks */,
			);
			runOnlyForDeploymentPostprocessing = 0;
		};
/* End PBXFrameworksBuildPhase section */

/* Begin PBXGroup section */
		D794BEFB2215A9FD008B56AB = {
			isa = PBXGroup;
			children = (
				D794BF1F2215AA53008B56AB /* Config */,
				D794BF072215A9FD008B56AB /* LateResponders */,
				D794BF122215A9FD008B56AB /* LateRespondersTests */,
				D794BF062215A9FD008B56AB /* Products */,
			);
			sourceTree = "<group>";
		};
		D794BF062215A9FD008B56AB /* Products */ = {
			isa = PBXGroup;
			children = (
				D794BF052215A9FD008B56AB /* LateResponders.framework */,
				D794BF0E2215A9FD008B56AB /* LateRespondersTests.xctest */,
			);
			name = Products;
			sourceTree = "<group>";
		};
		D794BF072215A9FD008B56AB /* LateResponders */ = {
			isa = PBXGroup;
			children = (
				D794BF212215AAFA008B56AB /* OCLateResponderRegistry.h */,
				D794BF222215AAFA008B56AB /* OCLateResponderRegistry.m */,
				D794BF262215AC90008B56AB /* OCLateResponder.h */,
				D794BF272215AC90008B56AB /* OCLateResponder.m */,
				D794BF2A2215ACC8008B56AB /* OCLateResponderProxy.h */,
				D794BF2B2215ACC8008B56AB /* OCLateResponderProxy.m */,
				D794BF382215B0EC008B56AB /* OCResponder.h */,
				D794BF392215B0EC008B56AB /* OCResponder.m */,
				D794BF252215AB17008B56AB /* Supporting Files */,
			);
			path = LateResponders;
			sourceTree = "<group>";
		};
		D794BF122215A9FD008B56AB /* LateRespondersTests */ = {
			isa = PBXGroup;
			children = (
				D794BF152215A9FD008B56AB /* Info.plist */,
				D794BF3D2215B412008B56AB /* LateResponderRegistryTests.swift */,
				D794BF3F2215CCF6008B56AB /* LateResponderTests.swift */,
				D794BF412215CE1C008B56AB /* LateResponderProxyTests.swift */,
			);
			path = LateRespondersTests;
			sourceTree = "<group>";
		};
		D794BF1F2215AA53008B56AB /* Config */ = {
			isa = PBXGroup;
			children = (
				D794BF202215AA6F008B56AB /* project.xcconfig */,
			);
			path = Config;
			sourceTree = "<group>";
		};
		D794BF252215AB17008B56AB /* Supporting Files */ = {
			isa = PBXGroup;
			children = (
				D794BF082215A9FD008B56AB /* LateResponders.h */,
				D794BF302215AE53008B56AB /* InterfaceKit.h */,
				D794BF2E2215AD23008B56AB /* Macros.h */,
				D794BF092215A9FD008B56AB /* Info.plist */,
			);
			name = "Supporting Files";
			sourceTree = "<group>";
		};
/* End PBXGroup section */

/* Begin PBXHeadersBuildPhase section */
		D794BF002215A9FD008B56AB /* Headers */ = {
			isa = PBXHeadersBuildPhase;
			buildActionMask = 2147483647;
			files = (
				D794BF2C2215ACC8008B56AB /* OCLateResponderProxy.h in Headers */,
				D794BF312215AE53008B56AB /* InterfaceKit.h in Headers */,
				D794BF3A2215B0EC008B56AB /* OCResponder.h in Headers */,
				D794BF232215AAFA008B56AB /* OCLateResponderRegistry.h in Headers */,
				D794BF2F2215ADFF008B56AB /* Macros.h in Headers */,
				D794BF162215A9FD008B56AB /* LateResponders.h in Headers */,
				D794BF282215AC90008B56AB /* OCLateResponder.h in Headers */,
			);
			runOnlyForDeploymentPostprocessing = 0;
		};
/* End PBXHeadersBuildPhase section */

/* Begin PBXNativeTarget section */
		D794BF042215A9FD008B56AB /* LateResponders */ = {
			isa = PBXNativeTarget;
			buildConfigurationList = D794BF192215A9FD008B56AB /* Build configuration list for PBXNativeTarget "LateResponders" */;
			buildPhases = (
				D794BF002215A9FD008B56AB /* Headers */,
				D794BF012215A9FD008B56AB /* Sources */,
				D794BF022215A9FD008B56AB /* Frameworks */,
				D794BF032215A9FD008B56AB /* Resources */,
			);
			buildRules = (
			);
			dependencies = (
			);
			name = LateResponders;
			productName = LateResponders;
			productReference = D794BF052215A9FD008B56AB /* LateResponders.framework */;
			productType = "com.apple.product-type.framework";
		};
		D794BF0D2215A9FD008B56AB /* LateRespondersTests */ = {
			isa = PBXNativeTarget;
			buildConfigurationList = D794BF1C2215A9FD008B56AB /* Build configuration list for PBXNativeTarget "LateRespondersTests" */;
			buildPhases = (
				D794BF0A2215A9FD008B56AB /* Sources */,
				D794BF0B2215A9FD008B56AB /* Frameworks */,
				D794BF0C2215A9FD008B56AB /* Resources */,
			);
			buildRules = (
			);
			dependencies = (
				D794BF112215A9FD008B56AB /* PBXTargetDependency */,
			);
			name = LateRespondersTests;
			productName = LateRespondersTests;
			productReference = D794BF0E2215A9FD008B56AB /* LateRespondersTests.xctest */;
			productType = "com.apple.product-type.bundle.unit-test";
		};
/* End PBXNativeTarget section */

/* Begin PBXProject section */
		D794BEFC2215A9FD008B56AB /* Project object */ = {
			isa = PBXProject;
			attributes = {
				CLASSPREFIX = OC;
				LastUpgradeCheck = 1010;
				ORGANIZATIONNAME = "Outer Corner";
				TargetAttributes = {
					D794BF042215A9FD008B56AB = {
						CreatedOnToolsVersion = 10.1;
					};
					D794BF0D2215A9FD008B56AB = {
						CreatedOnToolsVersion = 10.1;
						LastSwiftMigration = 1010;
					};
				};
			};
			buildConfigurationList = D794BEFF2215A9FD008B56AB /* Build configuration list for PBXProject "LateResponders" */;
			compatibilityVersion = "Xcode 9.3";
			developmentRegion = en;
			hasScannedForEncodings = 0;
			knownRegions = (
				en,
			);
			mainGroup = D794BEFB2215A9FD008B56AB;
			productRefGroup = D794BF062215A9FD008B56AB /* Products */;
			projectDirPath = "";
			projectRoot = "";
			targets = (
				D794BF042215A9FD008B56AB /* LateResponders */,
				D794BF0D2215A9FD008B56AB /* LateRespondersTests */,
			);
		};
/* End PBXProject section */

/* Begin PBXResourcesBuildPhase section */
		D794BF032215A9FD008B56AB /* Resources */ = {
			isa = PBXResourcesBuildPhase;
			buildActionMask = 2147483647;
			files = (
			);
			runOnlyForDeploymentPostprocessing = 0;
		};
		D794BF0C2215A9FD008B56AB /* Resources */ = {
			isa = PBXResourcesBuildPhase;
			buildActionMask = 2147483647;
			files = (
			);
			runOnlyForDeploymentPostprocessing = 0;
		};
/* End PBXResourcesBuildPhase section */

/* Begin PBXSourcesBuildPhase section */
		D794BF012215A9FD008B56AB /* Sources */ = {
			isa = PBXSourcesBuildPhase;
			buildActionMask = 2147483647;
			files = (
				D794BF3B2215B0EC008B56AB /* OCResponder.m in Sources */,
				D794BF292215AC90008B56AB /* OCLateResponder.m in Sources */,
				D794BF2D2215ACC8008B56AB /* OCLateResponderProxy.m in Sources */,
				D794BF242215AAFA008B56AB /* OCLateResponderRegistry.m in Sources */,
			);
			runOnlyForDeploymentPostprocessing = 0;
		};
		D794BF0A2215A9FD008B56AB /* Sources */ = {
			isa = PBXSourcesBuildPhase;
			buildActionMask = 2147483647;
			files = (
				D794BF402215CCF6008B56AB /* LateResponderTests.swift in Sources */,
				D794BF3E2215B412008B56AB /* LateResponderRegistryTests.swift in Sources */,
				D794BF422215CE1C008B56AB /* LateResponderProxyTests.swift in Sources */,
			);
			runOnlyForDeploymentPostprocessing = 0;
		};
/* End PBXSourcesBuildPhase section */

/* Begin PBXTargetDependency section */
		D794BF112215A9FD008B56AB /* PBXTargetDependency */ = {
			isa = PBXTargetDependency;
			target = D794BF042215A9FD008B56AB /* LateResponders */;
			targetProxy = D794BF102215A9FD008B56AB /* PBXContainerItemProxy */;
		};
/* End PBXTargetDependency section */

/* Begin XCBuildConfiguration section */
		D794BF172215A9FD008B56AB /* Debug */ = {
			isa = XCBuildConfiguration;
			baseConfigurationReference = D794BF202215AA6F008B56AB /* project.xcconfig */;
			buildSettings = {
				ALWAYS_SEARCH_USER_PATHS = NO;
				CLANG_ANALYZER_NONNULL = YES;
				CLANG_ANALYZER_NUMBER_OBJECT_CONVERSION = YES_AGGRESSIVE;
				CLANG_CXX_LANGUAGE_STANDARD = "gnu++14";
				CLANG_CXX_LIBRARY = "libc++";
				CLANG_ENABLE_MODULES = YES;
				CLANG_ENABLE_OBJC_ARC = YES;
				CLANG_ENABLE_OBJC_WEAK = YES;
				CLANG_WARN_BLOCK_CAPTURE_AUTORELEASING = YES;
				CLANG_WARN_BOOL_CONVERSION = YES;
				CLANG_WARN_COMMA = YES;
				CLANG_WARN_CONSTANT_CONVERSION = YES;
				CLANG_WARN_DEPRECATED_OBJC_IMPLEMENTATIONS = YES;
				CLANG_WARN_DIRECT_OBJC_ISA_USAGE = YES_ERROR;
				CLANG_WARN_DOCUMENTATION_COMMENTS = YES;
				CLANG_WARN_EMPTY_BODY = YES;
				CLANG_WARN_ENUM_CONVERSION = YES;
				CLANG_WARN_INFINITE_RECURSION = YES;
				CLANG_WARN_INT_CONVERSION = YES;
				CLANG_WARN_NON_LITERAL_NULL_CONVERSION = YES;
				CLANG_WARN_OBJC_IMPLICIT_RETAIN_SELF = YES;
				CLANG_WARN_OBJC_LITERAL_CONVERSION = YES;
				CLANG_WARN_OBJC_ROOT_CLASS = YES_ERROR;
				CLANG_WARN_RANGE_LOOP_ANALYSIS = YES;
				CLANG_WARN_STRICT_PROTOTYPES = YES;
				CLANG_WARN_SUSPICIOUS_MOVE = YES;
				CLANG_WARN_UNGUARDED_AVAILABILITY = YES_AGGRESSIVE;
				CLANG_WARN_UNREACHABLE_CODE = YES;
				CLANG_WARN__DUPLICATE_METHOD_MATCH = YES;
				COPY_PHASE_STRIP = NO;
				CURRENT_PROJECT_VERSION = 1;
				DEBUG_INFORMATION_FORMAT = dwarf;
				ENABLE_STRICT_OBJC_MSGSEND = YES;
				ENABLE_TESTABILITY = YES;
				GCC_C_LANGUAGE_STANDARD = gnu11;
				GCC_DYNAMIC_NO_PIC = NO;
				GCC_NO_COMMON_BLOCKS = YES;
				GCC_OPTIMIZATION_LEVEL = 0;
				GCC_PREPROCESSOR_DEFINITIONS = (
					"DEBUG=1",
					"$(inherited)",
				);
				GCC_WARN_64_TO_32_BIT_CONVERSION = YES;
				GCC_WARN_ABOUT_RETURN_TYPE = YES_ERROR;
				GCC_WARN_UNDECLARED_SELECTOR = YES;
				GCC_WARN_UNINITIALIZED_AUTOS = YES_AGGRESSIVE;
				GCC_WARN_UNUSED_FUNCTION = YES;
				GCC_WARN_UNUSED_VARIABLE = YES;
				MACOSX_DEPLOYMENT_TARGET = 10.14;
				MTL_ENABLE_DEBUG_INFO = INCLUDE_SOURCE;
				MTL_FAST_MATH = YES;
				ONLY_ACTIVE_ARCH = YES;
				SDKROOT = macosx;
				VERSIONING_SYSTEM = "apple-generic";
				VERSION_INFO_PREFIX = "";
			};
			name = Debug;
		};
		D794BF182215A9FD008B56AB /* Release */ = {
			isa = XCBuildConfiguration;
			baseConfigurationReference = D794BF202215AA6F008B56AB /* project.xcconfig */;
			buildSettings = {
				ALWAYS_SEARCH_USER_PATHS = NO;
				CLANG_ANALYZER_NONNULL = YES;
				CLANG_ANALYZER_NUMBER_OBJECT_CONVERSION = YES_AGGRESSIVE;
				CLANG_CXX_LANGUAGE_STANDARD = "gnu++14";
				CLANG_CXX_LIBRARY = "libc++";
				CLANG_ENABLE_MODULES = YES;
				CLANG_ENABLE_OBJC_ARC = YES;
				CLANG_ENABLE_OBJC_WEAK = YES;
				CLANG_WARN_BLOCK_CAPTURE_AUTORELEASING = YES;
				CLANG_WARN_BOOL_CONVERSION = YES;
				CLANG_WARN_COMMA = YES;
				CLANG_WARN_CONSTANT_CONVERSION = YES;
				CLANG_WARN_DEPRECATED_OBJC_IMPLEMENTATIONS = YES;
				CLANG_WARN_DIRECT_OBJC_ISA_USAGE = YES_ERROR;
				CLANG_WARN_DOCUMENTATION_COMMENTS = YES;
				CLANG_WARN_EMPTY_BODY = YES;
				CLANG_WARN_ENUM_CONVERSION = YES;
				CLANG_WARN_INFINITE_RECURSION = YES;
				CLANG_WARN_INT_CONVERSION = YES;
				CLANG_WARN_NON_LITERAL_NULL_CONVERSION = YES;
				CLANG_WARN_OBJC_IMPLICIT_RETAIN_SELF = YES;
				CLANG_WARN_OBJC_LITERAL_CONVERSION = YES;
				CLANG_WARN_OBJC_ROOT_CLASS = YES_ERROR;
				CLANG_WARN_RANGE_LOOP_ANALYSIS = YES;
				CLANG_WARN_STRICT_PROTOTYPES = YES;
				CLANG_WARN_SUSPICIOUS_MOVE = YES;
				CLANG_WARN_UNGUARDED_AVAILABILITY = YES_AGGRESSIVE;
				CLANG_WARN_UNREACHABLE_CODE = YES;
				CLANG_WARN__DUPLICATE_METHOD_MATCH = YES;
				COPY_PHASE_STRIP = NO;
				CURRENT_PROJECT_VERSION = 1;
				DEBUG_INFORMATION_FORMAT = "dwarf-with-dsym";
				ENABLE_NS_ASSERTIONS = NO;
				ENABLE_STRICT_OBJC_MSGSEND = YES;
				GCC_C_LANGUAGE_STANDARD = gnu11;
				GCC_NO_COMMON_BLOCKS = YES;
				GCC_WARN_64_TO_32_BIT_CONVERSION = YES;
				GCC_WARN_ABOUT_RETURN_TYPE = YES_ERROR;
				GCC_WARN_UNDECLARED_SELECTOR = YES;
				GCC_WARN_UNINITIALIZED_AUTOS = YES_AGGRESSIVE;
				GCC_WARN_UNUSED_FUNCTION = YES;
				GCC_WARN_UNUSED_VARIABLE = YES;
				MACOSX_DEPLOYMENT_TARGET = 10.14;
				MTL_ENABLE_DEBUG_INFO = NO;
				MTL_FAST_MATH = YES;
				SDKROOT = macosx;
				VERSIONING_SYSTEM = "apple-generic";
				VERSION_INFO_PREFIX = "";
			};
			name = Release;
		};
		D794BF1A2215A9FD008B56AB /* Debug */ = {
			isa = XCBuildConfiguration;
			buildSettings = {
				CODE_SIGN_STYLE = Manual;
				COMBINE_HIDPI_IMAGES = YES;
				DEFINES_MODULE = YES;
				DEVELOPMENT_TEAM = "";
				DYLIB_COMPATIBILITY_VERSION = 1;
				DYLIB_CURRENT_VERSION = 1;
				DYLIB_INSTALL_NAME_BASE = "@rpath";
				FRAMEWORK_VERSION = A;
				INFOPLIST_FILE = LateResponders/Info.plist;
				INSTALL_PATH = "$(LOCAL_LIBRARY_DIR)/Frameworks";
				LD_RUNPATH_SEARCH_PATHS = (
					"$(inherited)",
					"@executable_path/../Frameworks",
					"@loader_path/Frameworks",
				);
				PRODUCT_BUNDLE_IDENTIFIER = com.outercorner.LateResponders;
				PRODUCT_NAME = "$(TARGET_NAME:c99extidentifier)";
				PROVISIONING_PROFILE_SPECIFIER = "";
				SKIP_INSTALL = YES;
			};
			name = Debug;
		};
		D794BF1B2215A9FD008B56AB /* Release */ = {
			isa = XCBuildConfiguration;
			buildSettings = {
				CODE_SIGN_STYLE = Manual;
				COMBINE_HIDPI_IMAGES = YES;
				DEFINES_MODULE = YES;
				DEVELOPMENT_TEAM = "";
				DYLIB_COMPATIBILITY_VERSION = 1;
				DYLIB_CURRENT_VERSION = 1;
				DYLIB_INSTALL_NAME_BASE = "@rpath";
				FRAMEWORK_VERSION = A;
				INFOPLIST_FILE = LateResponders/Info.plist;
				INSTALL_PATH = "$(LOCAL_LIBRARY_DIR)/Frameworks";
				LD_RUNPATH_SEARCH_PATHS = (
					"$(inherited)",
					"@executable_path/../Frameworks",
					"@loader_path/Frameworks",
				);
				PRODUCT_BUNDLE_IDENTIFIER = com.outercorner.LateResponders;
				PRODUCT_NAME = "$(TARGET_NAME:c99extidentifier)";
				PROVISIONING_PROFILE_SPECIFIER = "";
				SKIP_INSTALL = YES;
			};
			name = Release;
		};
		D794BF1D2215A9FD008B56AB /* Debug */ = {
			isa = XCBuildConfiguration;
			buildSettings = {
				CLANG_ENABLE_MODULES = YES;
				CODE_SIGN_IDENTITY = "iPhone Developer: Paulo Andrade (XV6U4CFNQG)";
				CODE_SIGN_STYLE = Manual;
				COMBINE_HIDPI_IMAGES = YES;
				DEVELOPMENT_TEAM = "";
				INFOPLIST_FILE = LateRespondersTests/Info.plist;
				LD_RUNPATH_SEARCH_PATHS = (
					"$(inherited)",
					"@executable_path/../Frameworks",
					"@loader_path/../Frameworks",
					"@executable_path/Frameworks",
					"@loader_path/Frameworks",
				);
				PRODUCT_BUNDLE_IDENTIFIER = com.outercorner.LateRespondersTests;
				PRODUCT_NAME = "$(TARGET_NAME)";
				PROVISIONING_PROFILE_SPECIFIER = "";
				SWIFT_OPTIMIZATION_LEVEL = "-Onone";
				SWIFT_VERSION = 4.2;
			};
			name = Debug;
		};
		D794BF1E2215A9FD008B56AB /* Release */ = {
			isa = XCBuildConfiguration;
			buildSettings = {
				CLANG_ENABLE_MODULES = YES;
				CODE_SIGN_IDENTITY = "iPhone Developer: Paulo Andrade (XV6U4CFNQG)";
				CODE_SIGN_STYLE = Manual;
				COMBINE_HIDPI_IMAGES = YES;
				DEVELOPMENT_TEAM = "";
				INFOPLIST_FILE = LateRespondersTests/Info.plist;
				LD_RUNPATH_SEARCH_PATHS = (
					"$(inherited)",
					"@executable_path/../Frameworks",
					"@loader_path/../Frameworks",
					"@executable_path/Frameworks",
					"@loader_path/Frameworks",
				);
				PRODUCT_BUNDLE_IDENTIFIER = com.outercorner.LateRespondersTests;
				PRODUCT_NAME = "$(TARGET_NAME)";
				PROVISIONING_PROFILE_SPECIFIER = "";
				SWIFT_VERSION = 4.2;
			};
			name = Release;
		};
/* End XCBuildConfiguration section */

/* Begin XCConfigurationList section */
		D794BEFF2215A9FD008B56AB /* Build configuration list for PBXProject "LateResponders" */ = {
			isa = XCConfigurationList;
			buildConfigurations = (
				D794BF172215A9FD008B56AB /* Debug */,
				D794BF182215A9FD008B56AB /* Release */,
			);
			defaultConfigurationIsVisible = 0;
			defaultConfigurationName = Release;
		};
		D794BF192215A9FD008B56AB /* Build configuration list for PBXNativeTarget "LateResponders" */ = {
			isa = XCConfigurationList;
			buildConfigurations = (
				D794BF1A2215A9FD008B56AB /* Debug */,
				D794BF1B2215A9FD008B56AB /* Release */,
			);
			defaultConfigurationIsVisible = 0;
			defaultConfigurationName = Release;
		};
		D794BF1C2215A9FD008B56AB /* Build configuration list for PBXNativeTarget "LateRespondersTests" */ = {
			isa = XCConfigurationList;
			buildConfigurations = (
				D794BF1D2215A9FD008B56AB /* Debug */,
				D794BF1E2215A9FD008B56AB /* Release */,
			);
			defaultConfigurationIsVisible = 0;
			defaultConfigurationName = Release;
		};
/* End XCConfigurationList section */
	};
	rootObject = D794BEFC2215A9FD008B56AB /* Project object */;
}
